
Microsoft Visual Studio Solution File, Format Version 12.00
# Visual Studio Version 16
VisualStudioVersion = 16.0.29409.12
MinimumVisualStudioVersion = 10.0.40219.1
Project("{9A19103F-16F7-4668-BE54-9A1E7A4F7556}") = "ArcticC", "ArcticC.csproj", "{1EA2542D-93DE-4E86-AF41-5BACA68F4433}"
EndProject
Global
	GlobalSection(SolutionConfigurationPlatforms) = preSolution
		Debug|Any CPU = Debug|Any CPU
		Release|Any CPU = Release|Any CPU
	EndGlobalSection
	GlobalSection(ProjectConfigurationPlatforms) = postSolution
		{1EA2542D-93DE-4E86-AF41-5BACA68F4433}.Debug|Any CPU.ActiveCfg = Debug|Any CPU
		{1EA2542D-93DE-4E86-AF41-5BACA68F4433}.Debug|Any CPU.Build.0 = Debug|Any CPU
		{1EA2542D-93DE-4E86-AF41-5BACA68F4433}.Release|Any CPU.ActiveCfg = Release|Any CPU
		{1EA2542D-93DE-4E86-AF41-5BACA68F4433}.Release|Any CPU.Build.0 = Release|Any CPU
	EndGlobalSection
	GlobalSection(SolutionProperties) = preSolution
		HideSolutionNode = FALSE
	EndGlobalSection
	GlobalSection(ExtensibilityGlobals) = postSolution
		SolutionGuid = {5FB1653B-2094-4299-8E90-5C2AF4262848}
	EndGlobalSection
EndGlobal
